
Microsoft Visual Studio Solution File, Format Version 12.00
# Visual Studio Version 18
VisualStudioVersion = 18.1.11304.174 d18.0
MinimumVisualStudioVersion = 10.0.40219.1
Project("{FAE04EC0-301F-11D3-BF4B-00C04F79EFBC}") = "PROG280-A04", "PROG280-A04\PROG280-A04.csproj", "{2CECDE2F-8D8A-1846-00E7-AAF79ADA7835}"
EndProject
Global
	GlobalSection(SolutionConfigurationPlatforms) = preSolution
		Debug|Any CPU = Debug|Any CPU
		Release|Any CPU = Release|Any CPU
	EndGlobalSection
	GlobalSection(ProjectConfigurationPlatforms) = postSolution
		{2CECDE2F-8D8A-1846-00E7-AAF79ADA7835}.Debug|Any CPU.ActiveCfg = Debug|Any CPU
		{2CECDE2F-8D8A-1846-00E7-AAF79ADA7835}.Debug|Any CPU.Build.0 = Debug|Any CPU
		{2CECDE2F-8D8A-1846-00E7-AAF79ADA7835}.Release|Any CPU.ActiveCfg = Release|Any CPU
		{2CECDE2F-8D8A-1846-00E7-AAF79ADA7835}.Release|Any CPU.Build.0 = Release|Any CPU
	EndGlobalSection
	GlobalSection(SolutionProperties) = preSolution
		HideSolutionNode = FALSE
	EndGlobalSection
	GlobalSection(ExtensibilityGlobals) = postSolution
		SolutionGuid = {7EDD7DCC-EF57-4E35-B39A-82B35C3A5F14}
	EndGlobalSection
EndGlobal
